
Microsoft Visual Studio Solution File, Format Version 12.00
# Visual Studio Version 16
VisualStudioVersion = 16.0.29920.165
MinimumVisualStudioVersion = 10.0.40219.1
Project("{FAE04EC0-301F-11D3-BF4B-00C04F79EFBC}") = "WebAPIwithOracleDapper", "WebAPIwithOracleDapper\WebAPIwithOracleDapper.csproj", "{88C3F8F3-3F0C-46AA-AF9D-D2BCB5B3500D}"
EndProject
Global
	GlobalSection(SolutionConfigurationPlatforms) = preSolution
		Debug|Any CPU = Debug|Any CPU
		Release|Any CPU = Release|Any CPU
	EndGlobalSection
	GlobalSection(ProjectConfigurationPlatforms) = postSolution
		{88C3F8F3-3F0C-46AA-AF9D-D2BCB5B3500D}.Debug|Any CPU.ActiveCfg = Debug|Any CPU
		{88C3F8F3-3F0C-46AA-AF9D-D2BCB5B3500D}.Debug|Any CPU.Build.0 = Debug|Any CPU
		{88C3F8F3-3F0C-46AA-AF9D-D2BCB5B3500D}.Release|Any CPU.ActiveCfg = Release|Any CPU
		{88C3F8F3-3F0C-46AA-AF9D-D2BCB5B3500D}.Release|Any CPU.Build.0 = Release|Any CPU
	EndGlobalSection
	GlobalSection(SolutionProperties) = preSolution
		HideSolutionNode = FALSE
	EndGlobalSection
	GlobalSection(ExtensibilityGlobals) = postSolution
		SolutionGuid = {31550ECA-EB86-4B5D-B810-ADB82D0EE92E}
	EndGlobalSection
EndGlobal
